
Microsoft Visual Studio Solution File, Format Version 12.00
# Visual Studio Version 16
VisualStudioVersion = 16.0.31702.278
MinimumVisualStudioVersion = 10.0.40219.1
Project("{2150E333-8FDC-42A3-9474-1A3956D46DE8}") = "Services", "Services", "{9EB9ACB6-97E9-4AE3-A955-181082D8B266}"
EndProject
Project("{2150E333-8FDC-42A3-9474-1A3956D46DE8}") = "Catalog", "Catalog", "{25E3F5C5-FF7A-48D9-8CB3-FE185975C236}"
EndProject
Project("{9A19103F-16F7-4668-BE54-9A1E7A4F7556}") = "Catalog.API", "Services\Catalog\Catalog.API\Catalog.API.csproj", "{E55BAFAF-37C6-4E8A-AFC9-D2FC75A9AA68}"
EndProject
Project("{E53339B2-1760-4266-BCC7-CA923CBCF16C}") = "docker-compose", "docker-compose.dcproj", "{A8CF32AF-18DE-4408-A2F0-1F9935451D52}"
EndProject
Project("{2150E333-8FDC-42A3-9474-1A3956D46DE8}") = "Basket", "Basket", "{684F9FED-1B81-4B28-8313-BFBD869B4E54}"
EndProject
Project("{9A19103F-16F7-4668-BE54-9A1E7A4F7556}") = "Basket.API", "Services\Basket\Basket.API\Basket.API.csproj", "{2F651640-FEBB-4E75-ACE8-844C2230ADE7}"
EndProject
Project("{2150E333-8FDC-42A3-9474-1A3956D46DE8}") = "Discount", "Discount", "{904668E9-AA1F-4864-A80B-CF8B20FFFE1B}"
EndProject
Project("{9A19103F-16F7-4668-BE54-9A1E7A4F7556}") = "Discount.API", "Services\Discount\Discount.API\Discount.API.csproj", "{FC963DBD-E72E-4302-8795-6CE5EF5C813F}"
EndProject
Project("{9A19103F-16F7-4668-BE54-9A1E7A4F7556}") = "Discount.Grpc", "Services\Discount\Discount.Grpc\Discount.Grpc.csproj", "{F029886F-0FB1-4ACB-A8D9-BEB8FB0BE2EE}"
EndProject
Project("{2150E333-8FDC-42A3-9474-1A3956D46DE8}") = "Ordering", "Ordering", "{06B40CEC-336B-465F-BB4E-F13AC5E90EEC}"
EndProject
Project("{FAE04EC0-301F-11D3-BF4B-00C04F79EFBC}") = "Ordering.API", "Services\Ordering\Ordering.API\Ordering.API.csproj", "{A6EE2E83-FD58-4190-993B-7D62E2575749}"
EndProject
Global
	GlobalSection(SolutionConfigurationPlatforms) = preSolution
		Debug|Any CPU = Debug|Any CPU
		Release|Any CPU = Release|Any CPU
	EndGlobalSection
	GlobalSection(ProjectConfigurationPlatforms) = postSolution
		{E55BAFAF-37C6-4E8A-AFC9-D2FC75A9AA68}.Debug|Any CPU.ActiveCfg = Debug|Any CPU
		{E55BAFAF-37C6-4E8A-AFC9-D2FC75A9AA68}.Debug|Any CPU.Build.0 = Debug|Any CPU
		{E55BAFAF-37C6-4E8A-AFC9-D2FC75A9AA68}.Release|Any CPU.ActiveCfg = Release|Any CPU
		{E55BAFAF-37C6-4E8A-AFC9-D2FC75A9AA68}.Release|Any CPU.Build.0 = Release|Any CPU
		{A8CF32AF-18DE-4408-A2F0-1F9935451D52}.Debug|Any CPU.ActiveCfg = Debug|Any CPU
		{A8CF32AF-18DE-4408-A2F0-1F9935451D52}.Debug|Any CPU.Build.0 = Debug|Any CPU
		{A8CF32AF-18DE-4408-A2F0-1F9935451D52}.Release|Any CPU.ActiveCfg = Release|Any CPU
		{A8CF32AF-18DE-4408-A2F0-1F9935451D52}.Release|Any CPU.Build.0 = Release|Any CPU
		{2F651640-FEBB-4E75-ACE8-844C2230ADE7}.Debug|Any CPU.ActiveCfg = Debug|Any CPU
		{2F651640-FEBB-4E75-ACE8-844C2230ADE7}.Debug|Any CPU.Build.0 = Debug|Any CPU
		{2F651640-FEBB-4E75-ACE8-844C2230ADE7}.Release|Any CPU.ActiveCfg = Release|Any CPU
		{2F651640-FEBB-4E75-ACE8-844C2230ADE7}.Release|Any CPU.Build.0 = Release|Any CPU
		{FC963DBD-E72E-4302-8795-6CE5EF5C813F}.Debug|Any CPU.ActiveCfg = Debug|Any CPU
		{FC963DBD-E72E-4302-8795-6CE5EF5C813F}.Debug|Any CPU.Build.0 = Debug|Any CPU
		{FC963DBD-E72E-4302-8795-6CE5EF5C813F}.Release|Any CPU.ActiveCfg = Release|Any CPU
		{FC963DBD-E72E-4302-8795-6CE5EF5C813F}.Release|Any CPU.Build.0 = Release|Any CPU
		{F029886F-0FB1-4ACB-A8D9-BEB8FB0BE2EE}.Debug|Any CPU.ActiveCfg = Debug|Any CPU
		{F029886F-0FB1-4ACB-A8D9-BEB8FB0BE2EE}.Debug|Any CPU.Build.0 = Debug|Any CPU
		{F029886F-0FB1-4ACB-A8D9-BEB8FB0BE2EE}.Release|Any CPU.ActiveCfg = Release|Any CPU
		{F029886F-0FB1-4ACB-A8D9-BEB8FB0BE2EE}.Release|Any CPU.Build.0 = Release|Any CPU
		{A6EE2E83-FD58-4190-993B-7D62E2575749}.Debug|Any CPU.ActiveCfg = Debug|Any CPU
		{A6EE2E83-FD58-4190-993B-7D62E2575749}.Debug|Any CPU.Build.0 = Debug|Any CPU
		{A6EE2E83-FD58-4190-993B-7D62E2575749}.Release|Any CPU.ActiveCfg = Release|Any CPU
		{A6EE2E83-FD58-4190-993B-7D62E2575749}.Release|Any CPU.Build.0 = Release|Any CPU
	EndGlobalSection
	GlobalSection(SolutionProperties) = preSolution
		HideSolutionNode = FALSE
	EndGlobalSection
	GlobalSection(NestedProjects) = preSolution
		{25E3F5C5-FF7A-48D9-8CB3-FE185975C236} = {9EB9ACB6-97E9-4AE3-A955-181082D8B266}
		{E55BAFAF-37C6-4E8A-AFC9-D2FC75A9AA68} = {25E3F5C5-FF7A-48D9-8CB3-FE185975C236}
		{684F9FED-1B81-4B28-8313-BFBD869B4E54} = {9EB9ACB6-97E9-4AE3-A955-181082D8B266}
		{2F651640-FEBB-4E75-ACE8-844C2230ADE7} = {684F9FED-1B81-4B28-8313-BFBD869B4E54}
		{904668E9-AA1F-4864-A80B-CF8B20FFFE1B} = {9EB9ACB6-97E9-4AE3-A955-181082D8B266}
		{FC963DBD-E72E-4302-8795-6CE5EF5C813F} = {904668E9-AA1F-4864-A80B-CF8B20FFFE1B}
		{F029886F-0FB1-4ACB-A8D9-BEB8FB0BE2EE} = {904668E9-AA1F-4864-A80B-CF8B20FFFE1B}
		{06B40CEC-336B-465F-BB4E-F13AC5E90EEC} = {9EB9ACB6-97E9-4AE3-A955-181082D8B266}
		{A6EE2E83-FD58-4190-993B-7D62E2575749} = {06B40CEC-336B-465F-BB4E-F13AC5E90EEC}
	EndGlobalSection
	GlobalSection(ExtensibilityGlobals) = postSolution
		SolutionGuid = {6B3D5A91-623D-4868-9107-CD3AF896CA5A}
	EndGlobalSection
EndGlobal
